lockfileVersion: '9.0'

settings:
  autoInstallPeers: true
  excludeLinksFromLockfile: false

importers:

  .:
    devDependencies:
      ansi-escapes:
        specifier: ^7.0.0
        version: 7.0.0
      chalk:
        specifier: ^5.4.1
        version: 5.4.1

packages:

  ansi-escapes@7.0.0:
    resolution: {integrity: sha512-GdYO7a61mR0fOlAsvC9/rIHf7L96sBc6dEWzeOu+KAea5bZyQRPIpojrVoI4AXGJS/ycu/fBTdLrUkA4ODrvjw==, tarball: https://registry.npmmirror.com/ansi-escapes/-/ansi-escapes-7.0.0.tgz}
    engines: {node: '>=18'}

  chalk@5.4.1:
    resolution: {integrity: sha512-zgVZuo2WcZgfUEmsn6eO3kINexW8RAE4maiQ8QNs8CtpPCSyMiYsULR3HQYkm3w8FIA3SberyMJMSldGsW+U3w==, tarball: https://registry.npmmirror.com/chalk/-/chalk-5.4.1.tgz}
    engines: {node: ^12.17.0 || ^14.13 || >=16.0.0}

  environment@1.1.0:
    resolution: {integrity: sha512-xUtoPkMggbz0MPyPiIWr1Kp4aeWJjDZ6SMvURhimjdZgsRuDplF5/s9hcgGhyXMhs+6vpnuoiZ2kFiu3FMnS8Q==, tarball: https://registry.npmmirror.com/environment/-/environment-1.1.0.tgz}
    engines: {node: '>=18'}

snapshots:

  ansi-escapes@7.0.0:
    dependencies:
      environment: 1.1.0

  chalk@5.4.1: {}

  environment@1.1.0: {}
